<Solution>
  <Folder Name="/Documentation/">
    <File Path="README.md" />
  </Folder>
  <Project Path="FluentUI.Blazor.Monaco.EditorPack.AppHost/FluentUI.Blazor.Monaco.EditorPack.AppHost.csproj" />
  <Project Path="FluentUI.Blazor.Monaco.EditorPack.DemoApp/FluentUI.Blazor.Monaco.EditorPack.DemoApp.csproj" />
  <Project Path="FluentUI.Blazor.Monaco.EditorPack.ServiceDefaults/FluentUI.Blazor.Monaco.EditorPack.ServiceDefaults.csproj" />
  <Project Path="FluentUI.Blazor.Monaco.EditorPack/FluentUI.Blazor.Monaco.EditorPack.csproj" />
</Solution>
